// !$*UTF8*$!
{
	archiveVersion = 1;
	classes = {
	};
	objectVersion = 56;
	objects = {

/* Begin PBXBuildFile section */
		47BEDC3228AB3EC300168D21 /* UI_645App.swift in Sources */ = {isa = PBXBuildFile; fileRef = 47BEDC3128AB3EC300168D21 /* UI_645App.swift */; };
		47BEDC3428AB3EC300168D21 /* ContentView.swift in Sources */ = {isa = PBXBuildFile; fileRef = 47BEDC3328AB3EC300168D21 /* ContentView.swift */; };
		47BEDC3628AB3EC400168D21 /* Assets.xcassets in Resources */ = {isa = PBXBuildFile; fileRef = 47BEDC3528AB3EC400168D21 /* Assets.xcassets */; };
		47BEDC3928AB3EC400168D21 /* Preview Assets.xcassets in Resources */ = {isa = PBXBuildFile; fileRef = 47BEDC3828AB3EC400168D21 /* Preview Assets.xcassets */; };
		47BEDC4328AB3EC500168D21 /* UI_645Tests.swift in Sources */ = {isa = PBXBuildFile; fileRef = 47BEDC4228AB3EC500168D21 /* UI_645Tests.swift */; };
		47BEDC4D28AB3EC500168D21 /* UI_645UITests.swift in Sources */ = {isa = PBXBuildFile; fileRef = 47BEDC4C28AB3EC500168D21 /* UI_645UITests.swift */; };
		47BEDC4F28AB3EC500168D21 /* UI_645UITestsLaunchTests.swift in Sources */ = {isa = PBXBuildFile; fileRef = 47BEDC4E28AB3EC500168D21 /* UI_645UITestsLaunchTests.swift */; };
		47BEDC5D28AB3ED300168D21 /* Home.swift in Sources */ = {isa = PBXBuildFile; fileRef = 47BEDC5C28AB3ED300168D21 /* Home.swift */; };
		47BEDC6028AB3EFF00168D21 /* LockScreenViewModel.swift in Sources */ = {isa = PBXBuildFile; fileRef = 47BEDC5F28AB3EFF00168D21 /* LockScreenViewModel.swift */; };
		47BEDC6328AB3F2000168D21 /* SDWebImageSwiftUI in Frameworks */ = {isa = PBXBuildFile; productRef = 47BEDC6228AB3F2000168D21 /* SDWebImageSwiftUI */; };
		47BEDC6528AB45B000168D21 /* CustomColorFindView.swift in Sources */ = {isa = PBXBuildFile; fileRef = 47BEDC6428AB45B000168D21 /* CustomColorFindView.swift */; };
/* End PBXBuildFile section */

/* Begin PBXContainerItemProxy section */
		47BEDC3F28AB3EC500168D21 /* PBXContainerItemProxy */ = {
			isa = PBXContainerItemProxy;
			containerPortal = 47BEDC2628AB3EC300168D21 /* Project object */;
			proxyType = 1;
			remoteGlobalIDString = 47BEDC2D28AB3EC300168D21;
			remoteInfo = "UI-645";
		};
		47BEDC4928AB3EC500168D21 /* PBXContainerItemProxy */ = {
			isa = PBXContainerItemProxy;
			containerPortal = 47BEDC2628AB3EC300168D21 /* Project object */;
			proxyType = 1;
			remoteGlobalIDString = 47BEDC2D28AB3EC300168D21;
			remoteInfo = "UI-645";
		};
/* End PBXContainerItemProxy section */

/* Begin PBXFileReference section */
		47BEDC2E28AB3EC300168D21 /* UI-645.app */ = {isa = PBXFileReference; explicitFileType = wrapper.application; includeInIndex = 0; path = "UI-645.app"; sourceTree = BUILT_PRODUCTS_DIR; };
		47BEDC3128AB3EC300168D21 /* UI_645App.swift */ = {isa = PBXFileReference; lastKnownFileType = sourcecode.swift; path = UI_645App.swift; sourceTree = "<group>"; };
		47BEDC3328AB3EC300168D21 /* ContentView.swift */ = {isa = PBXFileReference; lastKnownFileType = sourcecode.swift; path = ContentView.swift; sourceTree = "<group>"; };
		47BEDC3528AB3EC400168D21 /* Assets.xcassets */ = {isa = PBXFileReference; lastKnownFileType = folder.assetcatalog; path = Assets.xcassets; sourceTree = "<group>"; };
		47BEDC3828AB3EC400168D21 /* Preview Assets.xcassets */ = {isa = PBXFileReference; lastKnownFileType = folder.assetcatalog; path = "Preview Assets.xcassets"; sourceTree = "<group>"; };
		47BEDC3E28AB3EC500168D21 /* UI-645Tests.xctest */ = {isa = PBXFileReference; explicitFileType = wrapper.cfbundle; includeInIndex = 0; path = "UI-645Tests.xctest"; sourceTree = BUILT_PRODUCTS_DIR; };
		47BEDC4228AB3EC500168D21 /* UI_645Tests.swift */ = {isa = PBXFileReference; lastKnownFileType = sourcecode.swift; path = UI_645Tests.swift; sourceTree = "<group>"; };
		47BEDC4828AB3EC500168D21 /* UI-645UITests.xctest */ = {isa = PBXFileReference; explicitFileType = wrapper.cfbundle; includeInIndex = 0; path = "UI-645UITests.xctest"; sourceTree = BUILT_PRODUCTS_DIR; };
		47BEDC4C28AB3EC500168D21 /* UI_645UITests.swift */ = {isa = PBXFileReference; lastKnownFileType = sourcecode.swift; path = UI_645UITests.swift; sourceTree = "<group>"; };
		47BEDC4E28AB3EC500168D21 /* UI_645UITestsLaunchTests.swift */ = {isa = PBXFileReference; lastKnownFileType = sourcecode.swift; path = UI_645UITestsLaunchTests.swift; sourceTree = "<group>"; };
		47BEDC5C28AB3ED300168D21 /* Home.swift */ = {isa = PBXFileReference; lastKnownFileType = sourcecode.swift; path = Home.swift; sourceTree = "<group>"; };
		47BEDC5F28AB3EFF00168D21 /* LockScreenViewModel.swift */ = {isa = PBXFileReference; lastKnownFileType = sourcecode.swift; path = LockScreenViewModel.swift; sourceTree = "<group>"; };
		47BEDC6428AB45B000168D21 /* CustomColorFindView.swift */ = {isa = PBXFileReference; lastKnownFileType = sourcecode.swift; path = CustomColorFindView.swift; sourceTree = "<group>"; };
/* End PBXFileReference section */

/* Begin PBXFrameworksBuildPhase section */
		47BEDC2B28AB3EC300168D21 /* Frameworks */ = {
			isa = PBXFrameworksBuildPhase;
			buildActionMask = 2147483647;
			files = (
				47BEDC6328AB3F2000168D21 /* SDWebImageSwiftUI in Frameworks */,
			);
			runOnlyForDeploymentPostprocessing = 0;
		};
		47BEDC3B28AB3EC500168D21 /* Frameworks */ = {
			isa = PBXFrameworksBuildPhase;
			buildActionMask = 2147483647;
			files = (
			);
			runOnlyForDeploymentPostprocessing = 0;
		};
		47BEDC4528AB3EC500168D21 /* Frameworks */ = {
			isa = PBXFrameworksBuildPhase;
			buildActionMask = 2147483647;
			files = (
			);
			runOnlyForDeploymentPostprocessing = 0;
		};
/* End PBXFrameworksBuildPhase section */

/* Begin PBXGroup section */
		47BEDC2528AB3EC300168D21 = {
			isa = PBXGroup;
			children = (
				47BEDC3028AB3EC300168D21 /* UI-645 */,
				47BEDC4128AB3EC500168D21 /* UI-645Tests */,
				47BEDC4B28AB3EC500168D21 /* UI-645UITests */,
				47BEDC2F28AB3EC300168D21 /* Products */,
			);
			sourceTree = "<group>";
		};
		47BEDC2F28AB3EC300168D21 /* Products */ = {
			isa = PBXGroup;
			children = (
				47BEDC2E28AB3EC300168D21 /* UI-645.app */,
				47BEDC3E28AB3EC500168D21 /* UI-645Tests.xctest */,
				47BEDC4828AB3EC500168D21 /* UI-645UITests.xctest */,
			);
			name = Products;
			sourceTree = "<group>";
		};
		47BEDC3028AB3EC300168D21 /* UI-645 */ = {
			isa = PBXGroup;
			children = (
				47BEDC5E28AB3EE900168D21 /* ViewModel */,
				47BEDC5B28AB3ECB00168D21 /* View */,
				47BEDC3128AB3EC300168D21 /* UI_645App.swift */,
				47BEDC3328AB3EC300168D21 /* ContentView.swift */,
				47BEDC3528AB3EC400168D21 /* Assets.xcassets */,
				47BEDC3728AB3EC400168D21 /* Preview Content */,
			);
			path = "UI-645";
			sourceTree = "<group>";
		};
		47BEDC3728AB3EC400168D21 /* Preview Content */ = {
			isa = PBXGroup;
			children = (
				47BEDC3828AB3EC400168D21 /* Preview Assets.xcassets */,
			);
			path = "Preview Content";
			sourceTree = "<group>";
		};
		47BEDC4128AB3EC500168D21 /* UI-645Tests */ = {
			isa = PBXGroup;
			children = (
				47BEDC4228AB3EC500168D21 /* UI_645Tests.swift */,
			);
			path = "UI-645Tests";
			sourceTree = "<group>";
		};
		47BEDC4B28AB3EC500168D21 /* UI-645UITests */ = {
			isa = PBXGroup;
			children = (
				47BEDC4C28AB3EC500168D21 /* UI_645UITests.swift */,
				47BEDC4E28AB3EC500168D21 /* UI_645UITestsLaunchTests.swift */,
			);
			path = "UI-645UITests";
			sourceTree = "<group>";
		};
		47BEDC5B28AB3ECB00168D21 /* View */ = {
			isa = PBXGroup;
			children = (
				47BEDC5C28AB3ED300168D21 /* Home.swift */,
				47BEDC6428AB45B000168D21 /* CustomColorFindView.swift */,
			);
			path = View;
			sourceTree = "<group>";
		};
		47BEDC5E28AB3EE900168D21 /* ViewModel */ = {
			isa = PBXGroup;
			children = (
				47BEDC5F28AB3EFF00168D21 /* LockScreenViewModel.swift */,
			);
			path = ViewModel;
			sourceTree = "<group>";
		};
/* End PBXGroup section */

/* Begin PBXNativeTarget section */
		47BEDC2D28AB3EC300168D21 /* UI-645 */ = {
			isa = PBXNativeTarget;
			buildConfigurationList = 47BEDC5228AB3EC500168D21 /* Build configuration list for PBXNativeTarget "UI-645" */;
			buildPhases = (
				47BEDC2A28AB3EC300168D21 /* Sources */,
				47BEDC2B28AB3EC300168D21 /* Frameworks */,
				47BEDC2C28AB3EC300168D21 /* Resources */,
			);
			buildRules = (
			);
			dependencies = (
			);
			name = "UI-645";
			packageProductDependencies = (
				47BEDC6228AB3F2000168D21 /* SDWebImageSwiftUI */,
			);
			productName = "UI-645";
			productReference = 47BEDC2E28AB3EC300168D21 /* UI-645.app */;
			productType = "com.apple.product-type.application";
		};
		47BEDC3D28AB3EC500168D21 /* UI-645Tests */ = {
			isa = PBXNativeTarget;
			buildConfigurationList = 47BEDC5528AB3EC500168D21 /* Build configuration list for PBXNativeTarget "UI-645Tests" */;
			buildPhases = (
				47BEDC3A28AB3EC500168D21 /* Sources */,
				47BEDC3B28AB3EC500168D21 /* Frameworks */,
				47BEDC3C28AB3EC500168D21 /* Resources */,
			);
			buildRules = (
			);
			dependencies = (
				47BEDC4028AB3EC500168D21 /* PBXTargetDependency */,
			);
			name = "UI-645Tests";
			productName = "UI-645Tests";
			productReference = 47BEDC3E28AB3EC500168D21 /* UI-645Tests.xctest */;
			productType = "com.apple.product-type.bundle.unit-test";
		};
		47BEDC4728AB3EC500168D21 /* UI-645UITests */ = {
			isa = PBXNativeTarget;
			buildConfigurationList = 47BEDC5828AB3EC500168D21 /* Build configuration list for PBXNativeTarget "UI-645UITests" */;
			buildPhases = (
				47BEDC4428AB3EC500168D21 /* Sources */,
				47BEDC4528AB3EC500168D21 /* Frameworks */,
				47BEDC4628AB3EC500168D21 /* Resources */,
			);
			buildRules = (
			);
			dependencies = (
				47BEDC4A28AB3EC500168D21 /* PBXTargetDependency */,
			);
			name = "UI-645UITests";
			productName = "UI-645UITests";
			productReference = 47BEDC4828AB3EC500168D21 /* UI-645UITests.xctest */;
			productType = "com.apple.product-type.bundle.ui-testing";
		};
/* End PBXNativeTarget section */

/* Begin PBXProject section */
		47BEDC2628AB3EC300168D21 /* Project object */ = {
			isa = PBXProject;
			attributes = {
				BuildIndependentTargetsInParallel = 1;
				LastSwiftUpdateCheck = 1400;
				LastUpgradeCheck = 1400;
				TargetAttributes = {
					47BEDC2D28AB3EC300168D21 = {
						CreatedOnToolsVersion = 14.0;
					};
					47BEDC3D28AB3EC500168D21 = {
						CreatedOnToolsVersion = 14.0;
						TestTargetID = 47BEDC2D28AB3EC300168D21;
					};
					47BEDC4728AB3EC500168D21 = {
						CreatedOnToolsVersion = 14.0;
						TestTargetID = 47BEDC2D28AB3EC300168D21;
					};
				};
			};
			buildConfigurationList = 47BEDC2928AB3EC300168D21 /* Build configuration list for PBXProject "UI-645" */;
			compatibilityVersion = "Xcode 14.0";
			developmentRegion = en;
			hasScannedForEncodings = 0;
			knownRegions = (
				en,
				Base,
			);
			mainGroup = 47BEDC2528AB3EC300168D21;
			packageReferences = (
				47BEDC6128AB3F2000168D21 /* XCRemoteSwiftPackageReference "SDWebImageSwiftUI" */,
			);
			productRefGroup = 47BEDC2F28AB3EC300168D21 /* Products */;
			projectDirPath = "";
			projectRoot = "";
			targets = (
				47BEDC2D28AB3EC300168D21 /* UI-645 */,
				47BEDC3D28AB3EC500168D21 /* UI-645Tests */,
				47BEDC4728AB3EC500168D21 /* UI-645UITests */,
			);
		};
/* End PBXProject section */

/* Begin PBXResourcesBuildPhase section */
		47BEDC2C28AB3EC300168D21 /* Resources */ = {
			isa = PBXResourcesBuildPhase;
			buildActionMask = 2147483647;
			files = (
				47BEDC3928AB3EC400168D21 /* Preview Assets.xcassets in Resources */,
				47BEDC3628AB3EC400168D21 /* Assets.xcassets in Resources */,
			);
			runOnlyForDeploymentPostprocessing = 0;
		};
		47BEDC3C28AB3EC500168D21 /* Resources */ = {
			isa = PBXResourcesBuildPhase;
			buildActionMask = 2147483647;
			files = (
			);
			runOnlyForDeploymentPostprocessing = 0;
		};
		47BEDC4628AB3EC500168D21 /* Resources */ = {
			isa = PBXResourcesBuildPhase;
			buildActionMask = 2147483647;
			files = (
			);
			runOnlyForDeploymentPostprocessing = 0;
		};
/* End PBXResourcesBuildPhase section */

/* Begin PBXSourcesBuildPhase section */
		47BEDC2A28AB3EC300168D21 /* Sources */ = {
			isa = PBXSourcesBuildPhase;
			buildActionMask = 2147483647;
			files = (
				47BEDC3428AB3EC300168D21 /* ContentView.swift in Sources */,
				47BEDC6028AB3EFF00168D21 /* LockScreenViewModel.swift in Sources */,
				47BEDC6528AB45B000168D21 /* CustomColorFindView.swift in Sources */,
				47BEDC5D28AB3ED300168D21 /* Home.swift in Sources */,
				47BEDC3228AB3EC300168D21 /* UI_645App.swift in Sources */,
			);
			runOnlyForDeploymentPostprocessing = 0;
		};
		47BEDC3A28AB3EC500168D21 /* Sources */ = {
			isa = PBXSourcesBuildPhase;
			buildActionMask = 2147483647;
			files = (
				47BEDC4328AB3EC500168D21 /* UI_645Tests.swift in Sources */,
			);
			runOnlyForDeploymentPostprocessing = 0;
		};
		47BEDC4428AB3EC500168D21 /* Sources */ = {
			isa = PBXSourcesBuildPhase;
			buildActionMask = 2147483647;
			files = (
				47BEDC4F28AB3EC500168D21 /* UI_645UITestsLaunchTests.swift in Sources */,
				47BEDC4D28AB3EC500168D21 /* UI_645UITests.swift in Sources */,
			);
			runOnlyForDeploymentPostprocessing = 0;
		};
/* End PBXSourcesBuildPhase section */

/* Begin PBXTargetDependency section */
		47BEDC4028AB3EC500168D21 /* PBXTargetDependency */ = {
			isa = PBXTargetDependency;
			target = 47BEDC2D28AB3EC300168D21 /* UI-645 */;
			targetProxy = 47BEDC3F28AB3EC500168D21 /* PBXContainerItemProxy */;
		};
		47BEDC4A28AB3EC500168D21 /* PBXTargetDependency */ = {
			isa = PBXTargetDependency;
			target = 47BEDC2D28AB3EC300168D21 /* UI-645 */;
			targetProxy = 47BEDC4928AB3EC500168D21 /* PBXContainerItemProxy */;
		};
/* End PBXTargetDependency section */

/* Begin XCBuildConfiguration section */
		47BEDC5028AB3EC500168D21 /* Debug */ = {
			isa = XCBuildConfiguration;
			buildSettings = {
				ALWAYS_SEARCH_USER_PATHS = NO;
				CLANG_ANALYZER_NONNULL = YES;
				CLANG_ANALYZER_NUMBER_OBJECT_CONVERSION = YES_AGGRESSIVE;
				CLANG_CXX_LANGUAGE_STANDARD = "gnu++20";
				CLANG_ENABLE_MODULES = YES;
				CLANG_ENABLE_OBJC_ARC = YES;
				CLANG_ENABLE_OBJC_WEAK = YES;
				CLANG_WARN_BLOCK_CAPTURE_AUTORELEASING = YES;
				CLANG_WARN_BOOL_CONVERSION = YES;
				CLANG_WARN_COMMA = YES;
				CLANG_WARN_CONSTANT_CONVERSION = YES;
				CLANG_WARN_DEPRECATED_OBJC_IMPLEMENTATIONS = YES;
				CLANG_WARN_DIRECT_OBJC_ISA_USAGE = YES_ERROR;
				CLANG_WARN_DOCUMENTATION_COMMENTS = YES;
				CLANG_WARN_EMPTY_BODY = YES;
				CLANG_WARN_ENUM_CONVERSION = YES;
				CLANG_WARN_INFINITE_RECURSION = YES;
				CLANG_WARN_INT_CONVERSION = YES;
				CLANG_WARN_NON_LITERAL_NULL_CONVERSION = YES;
				CLANG_WARN_OBJC_IMPLICIT_RETAIN_SELF = YES;
				CLANG_WARN_OBJC_LITERAL_CONVERSION = YES;
				CLANG_WARN_OBJC_ROOT_CLASS = YES_ERROR;
				CLANG_WARN_QUOTED_INCLUDE_IN_FRAMEWORK_HEADER = YES;
				CLANG_WARN_RANGE_LOOP_ANALYSIS = YES;
				CLANG_WARN_STRICT_PROTOTYPES = YES;
				CLANG_WARN_SUSPICIOUS_MOVE = YES;
				CLANG_WARN_UNGUARDED_AVAILABILITY = YES_AGGRESSIVE;
				CLANG_WARN_UNREACHABLE_CODE = YES;
				CLANG_WARN__DUPLICATE_METHOD_MATCH = YES;
				COPY_PHASE_STRIP = NO;
				DEBUG_INFORMATION_FORMAT = dwarf;
				ENABLE_STRICT_OBJC_MSGSEND = YES;
				ENABLE_TESTABILITY = YES;
				GCC_C_LANGUAGE_STANDARD = gnu11;
				GCC_DYNAMIC_NO_PIC = NO;
				GCC_NO_COMMON_BLOCKS = YES;
				GCC_OPTIMIZATION_LEVEL = 0;
				GCC_PREPROCESSOR_DEFINITIONS = (
					"DEBUG=1",
					"$(inherited)",
				);
				GCC_WARN_64_TO_32_BIT_CONVERSION = YES;
				GCC_WARN_ABOUT_RETURN_TYPE = YES_ERROR;
				GCC_WARN_UNDECLARED_SELECTOR = YES;
				GCC_WARN_UNINITIALIZED_AUTOS = YES_AGGRESSIVE;
				GCC_WARN_UNUSED_FUNCTION = YES;
				GCC_WARN_UNUSED_VARIABLE = YES;
				IPHONEOS_DEPLOYMENT_TARGET = 16.0;
				MTL_ENABLE_DEBUG_INFO = INCLUDE_SOURCE;
				MTL_FAST_MATH = YES;
				ONLY_ACTIVE_ARCH = YES;
				SDKROOT = iphoneos;
				SWIFT_ACTIVE_COMPILATION_CONDITIONS = DEBUG;
				SWIFT_OPTIMIZATION_LEVEL = "-Onone";
			};
			name = Debug;
		};
		47BEDC5128AB3EC500168D21 /* Release */ = {
			isa = XCBuildConfiguration;
			buildSettings = {
				ALWAYS_SEARCH_USER_PATHS = NO;
				CLANG_ANALYZER_NONNULL = YES;
				CLANG_ANALYZER_NUMBER_OBJECT_CONVERSION = YES_AGGRESSIVE;
				CLANG_CXX_LANGUAGE_STANDARD = "gnu++20";
				CLANG_ENABLE_MODULES = YES;
				CLANG_ENABLE_OBJC_ARC = YES;
				CLANG_ENABLE_OBJC_WEAK = YES;
				CLANG_WARN_BLOCK_CAPTURE_AUTORELEASING = YES;
				CLANG_WARN_BOOL_CONVERSION = YES;
				CLANG_WARN_COMMA = YES;
				CLANG_WARN_CONSTANT_CONVERSION = YES;
				CLANG_WARN_DEPRECATED_OBJC_IMPLEMENTATIONS = YES;
				CLANG_WARN_DIRECT_OBJC_ISA_USAGE = YES_ERROR;
				CLANG_WARN_DOCUMENTATION_COMMENTS = YES;
				CLANG_WARN_EMPTY_BODY = YES;
				CLANG_WARN_ENUM_CONVERSION = YES;
				CLANG_WARN_INFINITE_RECURSION = YES;
				CLANG_WARN_INT_CONVERSION = YES;
				CLANG_WARN_NON_LITERAL_NULL_CONVERSION = YES;
				CLANG_WARN_OBJC_IMPLICIT_RETAIN_SELF = YES;
				CLANG_WARN_OBJC_LITERAL_CONVERSION = YES;
				CLANG_WARN_OBJC_ROOT_CLASS = YES_ERROR;
				CLANG_WARN_QUOTED_INCLUDE_IN_FRAMEWORK_HEADER = YES;
				CLANG_WARN_RANGE_LOOP_ANALYSIS = YES;
				CLANG_WARN_STRICT_PROTOTYPES = YES;
				CLANG_WARN_SUSPICIOUS_MOVE = YES;
				CLANG_WARN_UNGUARDED_AVAILABILITY = YES_AGGRESSIVE;
				CLANG_WARN_UNREACHABLE_CODE = YES;
				CLANG_WARN__DUPLICATE_METHOD_MATCH = YES;
				COPY_PHASE_STRIP = NO;
				DEBUG_INFORMATION_FORMAT = "dwarf-with-dsym";
				ENABLE_NS_ASSERTIONS = NO;
				ENABLE_STRICT_OBJC_MSGSEND = YES;
				GCC_C_LANGUAGE_STANDARD = gnu11;
				GCC_NO_COMMON_BLOCKS = YES;
				GCC_WARN_64_TO_32_BIT_CONVERSION = YES;
				GCC_WARN_ABOUT_RETURN_TYPE = YES_ERROR;
				GCC_WARN_UNDECLARED_SELECTOR = YES;
				GCC_WARN_UNINITIALIZED_AUTOS = YES_AGGRESSIVE;
				GCC_WARN_UNUSED_FUNCTION = YES;
				GCC_WARN_UNUSED_VARIABLE = YES;
				IPHONEOS_DEPLOYMENT_TARGET = 16.0;
				MTL_ENABLE_DEBUG_INFO = NO;
				MTL_FAST_MATH = YES;
				SDKROOT = iphoneos;
				SWIFT_COMPILATION_MODE = wholemodule;
				SWIFT_OPTIMIZATION_LEVEL = "-O";
				VALIDATE_PRODUCT = YES;
			};
			name = Release;
		};
		47BEDC5328AB3EC500168D21 /* Debug */ = {
			isa = XCBuildConfiguration;
			buildSettings = {
				ASSETCATALOG_COMPILER_APPICON_NAME = AppIcon;
				ASSETCATALOG_COMPILER_GLOBAL_ACCENT_COLOR_NAME = AccentColor;
				CODE_SIGN_STYLE = Automatic;
				CURRENT_PROJECT_VERSION = 1;
				DEVELOPMENT_ASSET_PATHS = "\"UI-645/Preview Content\"";
				DEVELOPMENT_TEAM = 8CL4U468K5;
				ENABLE_PREVIEWS = YES;
				GENERATE_INFOPLIST_FILE = YES;
				INFOPLIST_KEY_UIApplicationSceneManifest_Generation = YES;
				INFOPLIST_KEY_UIApplicationSupportsIndirectInputEvents = YES;
				INFOPLIST_KEY_UILaunchScreen_Generation = YES;
				INFOPLIST_KEY_UISupportedInterfaceOrientations_iPad = "UIInterfaceOrientationPortrait UIInterfaceOrientationPortraitUpsideDown UIInterfaceOrientationLandscapeLeft UIInterfaceOrientationLandscapeRight";
				INFOPLIST_KEY_UISupportedInterfaceOrientations_iPhone = "UIInterfaceOrientationPortrait UIInterfaceOrientationLandscapeLeft UIInterfaceOrientationLandscapeRight";
				LD_RUNPATH_SEARCH_PATHS = (
					"$(inherited)",
					"@executable_path/Frameworks",
				);
				MARKETING_VERSION = 1.0;
				PRODUCT_BUNDLE_IDENTIFIER = "com.585.UI-645";
				PRODUCT_NAME = "$(TARGET_NAME)";
				SWIFT_EMIT_LOC_STRINGS = YES;
				SWIFT_VERSION = 5.0;
				TARGETED_DEVICE_FAMILY = "1,2";
			};
			name = Debug;
		};
		47BEDC5428AB3EC500168D21 /* Release */ = {
			isa = XCBuildConfiguration;
			buildSettings = {
				ASSETCATALOG_COMPILER_APPICON_NAME = AppIcon;
				ASSETCATALOG_COMPILER_GLOBAL_ACCENT_COLOR_NAME = AccentColor;
				CODE_SIGN_STYLE = Automatic;
				CURRENT_PROJECT_VERSION = 1;
				DEVELOPMENT_ASSET_PATHS = "\"UI-645/Preview Content\"";
				DEVELOPMENT_TEAM = 8CL4U468K5;
				ENABLE_PREVIEWS = YES;
				GENERATE_INFOPLIST_FILE = YES;
				INFOPLIST_KEY_UIApplicationSceneManifest_Generation = YES;
				INFOPLIST_KEY_UIApplicationSupportsIndirectInputEvents = YES;
				INFOPLIST_KEY_UILaunchScreen_Generation = YES;
				INFOPLIST_KEY_UISupportedInterfaceOrientations_iPad = "UIInterfaceOrientationPortrait UIInterfaceOrientationPortraitUpsideDown UIInterfaceOrientationLandscapeLeft UIInterfaceOrientationLandscapeRight";
				INFOPLIST_KEY_UISupportedInterfaceOrientations_iPhone = "UIInterfaceOrientationPortrait UIInterfaceOrientationLandscapeLeft UIInterfaceOrientationLandscapeRight";
				LD_RUNPATH_SEARCH_PATHS = (
					"$(inherited)",
					"@executable_path/Frameworks",
				);
				MARKETING_VERSION = 1.0;
				PRODUCT_BUNDLE_IDENTIFIER = "com.585.UI-645";
				PRODUCT_NAME = "$(TARGET_NAME)";
				SWIFT_EMIT_LOC_STRINGS = YES;
				SWIFT_VERSION = 5.0;
				TARGETED_DEVICE_FAMILY = "1,2";
			};
			name = Release;
		};
		47BEDC5628AB3EC500168D21 /* Debug */ = {
			isa = XCBuildConfiguration;
			buildSettings = {
				ALWAYS_EMBED_SWIFT_STANDARD_LIBRARIES = YES;
				BUNDLE_LOADER = "$(TEST_HOST)";
				CODE_SIGN_STYLE = Automatic;
				CURRENT_PROJECT_VERSION = 1;
				DEVELOPMENT_TEAM = 8CL4U468K5;
				GENERATE_INFOPLIST_FILE = YES;
				IPHONEOS_DEPLOYMENT_TARGET = 16.0;
				MARKETING_VERSION = 1.0;
				PRODUCT_BUNDLE_IDENTIFIER = "com.585.UI-645Tests";
				PRODUCT_NAME = "$(TARGET_NAME)";
				SWIFT_EMIT_LOC_STRINGS = NO;
				SWIFT_VERSION = 5.0;
				TARGETED_DEVICE_FAMILY = "1,2";
				TEST_HOST = "$(BUILT_PRODUCTS_DIR)/UI-645.app/$(BUNDLE_EXECUTABLE_FOLDER_PATH)/UI-645";
			};
			name = Debug;
		};
		47BEDC5728AB3EC500168D21 /* Release */ = {
			isa = XCBuildConfiguration;
			buildSettings = {
				ALWAYS_EMBED_SWIFT_STANDARD_LIBRARIES = YES;
				BUNDLE_LOADER = "$(TEST_HOST)";
				CODE_SIGN_STYLE = Automatic;
				CURRENT_PROJECT_VERSION = 1;
				DEVELOPMENT_TEAM = 8CL4U468K5;
				GENERATE_INFOPLIST_FILE = YES;
				IPHONEOS_DEPLOYMENT_TARGET = 16.0;
				MARKETING_VERSION = 1.0;
				PRODUCT_BUNDLE_IDENTIFIER = "com.585.UI-645Tests";
				PRODUCT_NAME = "$(TARGET_NAME)";
				SWIFT_EMIT_LOC_STRINGS = NO;
				SWIFT_VERSION = 5.0;
				TARGETED_DEVICE_FAMILY = "1,2";
				TEST_HOST = "$(BUILT_PRODUCTS_DIR)/UI-645.app/$(BUNDLE_EXECUTABLE_FOLDER_PATH)/UI-645";
			};
			name = Release;
		};
		47BEDC5928AB3EC500168D21 /* Debug */ = {
			isa = XCBuildConfiguration;
			buildSettings = {
				ALWAYS_EMBED_SWIFT_STANDARD_LIBRARIES = YES;
				CODE_SIGN_STYLE = Automatic;
				CURRENT_PROJECT_VERSION = 1;
				DEVELOPMENT_TEAM = 8CL4U468K5;
				GENERATE_INFOPLIST_FILE = YES;
				MARKETING_VERSION = 1.0;
				PRODUCT_BUNDLE_IDENTIFIER = "com.585.UI-645UITests";
				PRODUCT_NAME = "$(TARGET_NAME)";
				SWIFT_EMIT_LOC_STRINGS = NO;
				SWIFT_VERSION = 5.0;
				TARGETED_DEVICE_FAMILY = "1,2";
				TEST_TARGET_NAME = "UI-645";
			};
			name = Debug;
		};
		47BEDC5A28AB3EC500168D21 /* Release */ = {
			isa = XCBuildConfiguration;
			buildSettings = {
				ALWAYS_EMBED_SWIFT_STANDARD_LIBRARIES = YES;
				CODE_SIGN_STYLE = Automatic;
				CURRENT_PROJECT_VERSION = 1;
				DEVELOPMENT_TEAM = 8CL4U468K5;
				GENERATE_INFOPLIST_FILE = YES;
				MARKETING_VERSION = 1.0;
				PRODUCT_BUNDLE_IDENTIFIER = "com.585.UI-645UITests";
				PRODUCT_NAME = "$(TARGET_NAME)";
				SWIFT_EMIT_LOC_STRINGS = NO;
				SWIFT_VERSION = 5.0;
				TARGETED_DEVICE_FAMILY = "1,2";
				TEST_TARGET_NAME = "UI-645";
			};
			name = Release;
		};
/* End XCBuildConfiguration section */

/* Begin XCConfigurationList section */
		47BEDC2928AB3EC300168D21 /* Build configuration list for PBXProject "UI-645" */ = {
			isa = XCConfigurationList;
			buildConfigurations = (
				47BEDC5028AB3EC500168D21 /* Debug */,
				47BEDC5128AB3EC500168D21 /* Release */,
			);
			defaultConfigurationIsVisible = 0;
			defaultConfigurationName = Release;
		};
		47BEDC5228AB3EC500168D21 /* Build configuration list for PBXNativeTarget "UI-645" */ = {
			isa = XCConfigurationList;
			buildConfigurations = (
				47BEDC5328AB3EC500168D21 /* Debug */,
				47BEDC5428AB3EC500168D21 /* Release */,
			);
			defaultConfigurationIsVisible = 0;
			defaultConfigurationName = Release;
		};
		47BEDC5528AB3EC500168D21 /* Build configuration list for PBXNativeTarget "UI-645Tests" */ = {
			isa = XCConfigurationList;
			buildConfigurations = (
				47BEDC5628AB3EC500168D21 /* Debug */,
				47BEDC5728AB3EC500168D21 /* Release */,
			);
			defaultConfigurationIsVisible = 0;
			defaultConfigurationName = Release;
		};
		47BEDC5828AB3EC500168D21 /* Build configuration list for PBXNativeTarget "UI-645UITests" */ = {
			isa = XCConfigurationList;
			buildConfigurations = (
				47BEDC5928AB3EC500168D21 /* Debug */,
				47BEDC5A28AB3EC500168D21 /* Release */,
			);
			defaultConfigurationIsVisible = 0;
			defaultConfigurationName = Release;
		};
/* End XCConfigurationList section */

/* Begin XCRemoteSwiftPackageReference section */
		47BEDC6128AB3F2000168D21 /* XCRemoteSwiftPackageReference "SDWebImageSwiftUI" */ = {
			isa = XCRemoteSwiftPackageReference;
			repositoryURL = "https://github.com/SDWebImage/SDWebImageSwiftUI.git";
			requirement = {
				branch = master;
				kind = branch;
			};
		};
/* End XCRemoteSwiftPackageReference section */

/* Begin XCSwiftPackageProductDependency section */
		47BEDC6228AB3F2000168D21 /* SDWebImageSwiftUI */ = {
			isa = XCSwiftPackageProductDependency;
			package = 47BEDC6128AB3F2000168D21 /* XCRemoteSwiftPackageReference "SDWebImageSwiftUI" */;
			productName = SDWebImageSwiftUI;
		};
/* End XCSwiftPackageProductDependency section */
	};
	rootObject = 47BEDC2628AB3EC300168D21 /* Project object */;
}
